
Microsoft Visual Studio Solution File, Format Version 12.00
# Visual Studio Version 16
VisualStudioVersion = 16.0.29806.167
MinimumVisualStudioVersion = 10.0.40219.1
Project("{FAE04EC0-301F-11D3-BF4B-00C04F79EFBC}") = "CrystalCredentialManager", "CrystalCredentialManager\CrystalCredentialManager.csproj", "{D20B0B29-033F-4F29-8A7A-12C07EB4E1D4}"
EndProject
Project("{FAE04EC0-301F-11D3-BF4B-00C04F79EFBC}") = "MirCredentialManager.Common", "MirCredentialManager.Common\MirCredentialManager.Common.csproj", "{44D9B982-9907-47F7-8305-4B28D8B571D0}"
EndProject
Global
	GlobalSection(SolutionConfigurationPlatforms) = preSolution
		Debug|Any CPU = Debug|Any CPU
		Release|Any CPU = Release|Any CPU
	EndGlobalSection
	GlobalSection(ProjectConfigurationPlatforms) = postSolution
		{D20B0B29-033F-4F29-8A7A-12C07EB4E1D4}.Debug|Any CPU.ActiveCfg = Debug|Any CPU
		{D20B0B29-033F-4F29-8A7A-12C07EB4E1D4}.Debug|Any CPU.Build.0 = Debug|Any CPU
		{D20B0B29-033F-4F29-8A7A-12C07EB4E1D4}.Release|Any CPU.ActiveCfg = Release|Any CPU
		{D20B0B29-033F-4F29-8A7A-12C07EB4E1D4}.Release|Any CPU.Build.0 = Release|Any CPU
		{44D9B982-9907-47F7-8305-4B28D8B571D0}.Debug|Any CPU.ActiveCfg = Debug|Any CPU
		{44D9B982-9907-47F7-8305-4B28D8B571D0}.Debug|Any CPU.Build.0 = Debug|Any CPU
		{44D9B982-9907-47F7-8305-4B28D8B571D0}.Release|Any CPU.ActiveCfg = Release|Any CPU
		{44D9B982-9907-47F7-8305-4B28D8B571D0}.Release|Any CPU.Build.0 = Release|Any CPU
	EndGlobalSection
	GlobalSection(SolutionProperties) = preSolution
		HideSolutionNode = FALSE
	EndGlobalSection
	GlobalSection(ExtensibilityGlobals) = postSolution
		SolutionGuid = {326346B5-D990-4EBE-AD6E-67EFB77FB4EB}
	EndGlobalSection
EndGlobal
